
Microsoft Visual Studio Solution File, Format Version 12.00
# Visual Studio 15
VisualStudioVersion = 15.0.28010.2048
MinimumVisualStudioVersion = 10.0.40219.1
Project("{FAE04EC0-301F-11D3-BF4B-00C04F79EFBC}") = "FakeInstaller.cs", "FakeInstaller.cs\FakeInstaller.cs.csproj", "{EDC6684C-6413-4166-A2D1-8A3F8CC958A7}"
EndProject
Global
	GlobalSection(SolutionConfigurationPlatforms) = preSolution
		Debug|Any CPU = Debug|Any CPU
		Release|Any CPU = Release|Any CPU
	EndGlobalSection
	GlobalSection(ProjectConfigurationPlatforms) = postSolution
		{EDC6684C-6413-4166-A2D1-8A3F8CC958A7}.Debug|Any CPU.ActiveCfg = Debug|Any CPU
		{EDC6684C-6413-4166-A2D1-8A3F8CC958A7}.Debug|Any CPU.Build.0 = Debug|Any CPU
		{EDC6684C-6413-4166-A2D1-8A3F8CC958A7}.Release|Any CPU.ActiveCfg = Release|Any CPU
		{EDC6684C-6413-4166-A2D1-8A3F8CC958A7}.Release|Any CPU.Build.0 = Release|Any CPU
	EndGlobalSection
	GlobalSection(SolutionProperties) = preSolution
		HideSolutionNode = FALSE
	EndGlobalSection
	GlobalSection(ExtensibilityGlobals) = postSolution
		SolutionGuid = {3D8EAC81-7558-4882-96F8-AD8FF6684100}
	EndGlobalSection
EndGlobal
